
Microsoft Visual Studio Solution File, Format Version 12.00
# Visual Studio 14
VisualStudioVersion = 14.0.23107.0
MinimumVisualStudioVersion = 10.0.40219.1
Project("{FAE04EC0-301F-11D3-BF4B-00C04F79EFBC}") = "PopcornTime", "PopcornTime\PopcornTime.csproj", "{8CE70C29-69F0-4C76-A4EE-8A771A83DB52}"
EndProject
Project("{FAE04EC0-301F-11D3-BF4B-00C04F79EFBC}") = "Universal.Nat", "Universal.Nat\Universal.Nat\Universal.Nat.csproj", "{4B7C52AE-58D8-4666-9A46-17CADA2DE40F}"
EndProject
Project("{FAE04EC0-301F-11D3-BF4B-00C04F79EFBC}") = "Universal.Torrent", "Universal.Torrent\Universal.Torrent\Universal.Torrent.csproj", "{3DB85B88-9CA0-4DAA-8CE1-0AB6E550C9D8}"
EndProject
Project("{FAE04EC0-301F-11D3-BF4B-00C04F79EFBC}") = "Universal.Torrent.Dht", "Universal.Torrent\Universal.Torrent.Dht\Universal.Torrent.Dht.csproj", "{4AD036AB-78A6-49C1-8250-F465CE66B181}"
EndProject
Project("{FAE04EC0-301F-11D3-BF4B-00C04F79EFBC}") = "PopcornTime.Web", "PopcornTime.Web\PopcornTime.Web.csproj", "{1165A830-5D7F-406E-B638-070C8BA8DCFD}"
EndProject
Global
	GlobalSection(SolutionConfigurationPlatforms) = preSolution
		Debug|Any CPU = Debug|Any CPU
		Debug|ARM = Debug|ARM
		Debug|x64 = Debug|x64
		Debug|x86 = Debug|x86
		Release|Any CPU = Release|Any CPU
		Release|ARM = Release|ARM
		Release|x64 = Release|x64
		Release|x86 = Release|x86
	EndGlobalSection
	GlobalSection(ProjectConfigurationPlatforms) = postSolution
		{8CE70C29-69F0-4C76-A4EE-8A771A83DB52}.Debug|Any CPU.ActiveCfg = Debug|x86
		{8CE70C29-69F0-4C76-A4EE-8A771A83DB52}.Debug|ARM.ActiveCfg = Debug|ARM
		{8CE70C29-69F0-4C76-A4EE-8A771A83DB52}.Debug|ARM.Build.0 = Debug|ARM
		{8CE70C29-69F0-4C76-A4EE-8A771A83DB52}.Debug|ARM.Deploy.0 = Debug|ARM
		{8CE70C29-69F0-4C76-A4EE-8A771A83DB52}.Debug|x64.ActiveCfg = Debug|x64
		{8CE70C29-69F0-4C76-A4EE-8A771A83DB52}.Debug|x64.Build.0 = Debug|x64
		{8CE70C29-69F0-4C76-A4EE-8A771A83DB52}.Debug|x64.Deploy.0 = Debug|x64
		{8CE70C29-69F0-4C76-A4EE-8A771A83DB52}.Debug|x86.ActiveCfg = Debug|x86
		{8CE70C29-69F0-4C76-A4EE-8A771A83DB52}.Debug|x86.Build.0 = Debug|x86
		{8CE70C29-69F0-4C76-A4EE-8A771A83DB52}.Debug|x86.Deploy.0 = Debug|x86
		{8CE70C29-69F0-4C76-A4EE-8A771A83DB52}.Release|Any CPU.ActiveCfg = Release|x86
		{8CE70C29-69F0-4C76-A4EE-8A771A83DB52}.Release|ARM.ActiveCfg = Release|ARM
		{8CE70C29-69F0-4C76-A4EE-8A771A83DB52}.Release|ARM.Build.0 = Release|ARM
		{8CE70C29-69F0-4C76-A4EE-8A771A83DB52}.Release|ARM.Deploy.0 = Release|ARM
		{8CE70C29-69F0-4C76-A4EE-8A771A83DB52}.Release|x64.ActiveCfg = Release|x64
		{8CE70C29-69F0-4C76-A4EE-8A771A83DB52}.Release|x64.Build.0 = Release|x64
		{8CE70C29-69F0-4C76-A4EE-8A771A83DB52}.Release|x64.Deploy.0 = Release|x64
		{8CE70C29-69F0-4C76-A4EE-8A771A83DB52}.Release|x86.ActiveCfg = Release|x86
		{8CE70C29-69F0-4C76-A4EE-8A771A83DB52}.Release|x86.Build.0 = Release|x86
		{8CE70C29-69F0-4C76-A4EE-8A771A83DB52}.Release|x86.Deploy.0 = Release|x86
		{4B7C52AE-58D8-4666-9A46-17CADA2DE40F}.Debug|Any CPU.ActiveCfg = Debug|Any CPU
		{4B7C52AE-58D8-4666-9A46-17CADA2DE40F}.Debug|Any CPU.Build.0 = Debug|Any CPU
		{4B7C52AE-58D8-4666-9A46-17CADA2DE40F}.Debug|ARM.ActiveCfg = Debug|ARM
		{4B7C52AE-58D8-4666-9A46-17CADA2DE40F}.Debug|ARM.Build.0 = Debug|ARM
		{4B7C52AE-58D8-4666-9A46-17CADA2DE40F}.Debug|x64.ActiveCfg = Debug|x64
		{4B7C52AE-58D8-4666-9A46-17CADA2DE40F}.Debug|x64.Build.0 = Debug|x64
		{4B7C52AE-58D8-4666-9A46-17CADA2DE40F}.Debug|x86.ActiveCfg = Debug|x86
		{4B7C52AE-58D8-4666-9A46-17CADA2DE40F}.Debug|x86.Build.0 = Debug|x86
		{4B7C52AE-58D8-4666-9A46-17CADA2DE40F}.Release|Any CPU.ActiveCfg = Release|Any CPU
		{4B7C52AE-58D8-4666-9A46-17CADA2DE40F}.Release|Any CPU.Build.0 = Release|Any CPU
		{4B7C52AE-58D8-4666-9A46-17CADA2DE40F}.Release|ARM.ActiveCfg = Release|ARM
		{4B7C52AE-58D8-4666-9A46-17CADA2DE40F}.Release|ARM.Build.0 = Release|ARM
		{4B7C52AE-58D8-4666-9A46-17CADA2DE40F}.Release|x64.ActiveCfg = Release|x64
		{4B7C52AE-58D8-4666-9A46-17CADA2DE40F}.Release|x64.Build.0 = Release|x64
		{4B7C52AE-58D8-4666-9A46-17CADA2DE40F}.Release|x86.ActiveCfg = Release|x86
		{4B7C52AE-58D8-4666-9A46-17CADA2DE40F}.Release|x86.Build.0 = Release|x86
		{3DB85B88-9CA0-4DAA-8CE1-0AB6E550C9D8}.Debug|Any CPU.ActiveCfg = Debug|Any CPU
		{3DB85B88-9CA0-4DAA-8CE1-0AB6E550C9D8}.Debug|Any CPU.Build.0 = Debug|Any CPU
		{3DB85B88-9CA0-4DAA-8CE1-0AB6E550C9D8}.Debug|ARM.ActiveCfg = Debug|ARM
		{3DB85B88-9CA0-4DAA-8CE1-0AB6E550C9D8}.Debug|ARM.Build.0 = Debug|ARM
		{3DB85B88-9CA0-4DAA-8CE1-0AB6E550C9D8}.Debug|x64.ActiveCfg = Debug|x64
		{3DB85B88-9CA0-4DAA-8CE1-0AB6E550C9D8}.Debug|x64.Build.0 = Debug|x64
		{3DB85B88-9CA0-4DAA-8CE1-0AB6E550C9D8}.Debug|x86.ActiveCfg = Debug|x86
		{3DB85B88-9CA0-4DAA-8CE1-0AB6E550C9D8}.Debug|x86.Build.0 = Debug|x86
		{3DB85B88-9CA0-4DAA-8CE1-0AB6E550C9D8}.Release|Any CPU.ActiveCfg = Release|Any CPU
		{3DB85B88-9CA0-4DAA-8CE1-0AB6E550C9D8}.Release|Any CPU.Build.0 = Release|Any CPU
		{3DB85B88-9CA0-4DAA-8CE1-0AB6E550C9D8}.Release|ARM.ActiveCfg = Release|ARM
		{3DB85B88-9CA0-4DAA-8CE1-0AB6E550C9D8}.Release|ARM.Build.0 = Release|ARM
		{3DB85B88-9CA0-4DAA-8CE1-0AB6E550C9D8}.Release|x64.ActiveCfg = Release|x64
		{3DB85B88-9CA0-4DAA-8CE1-0AB6E550C9D8}.Release|x64.Build.0 = Release|x64
		{3DB85B88-9CA0-4DAA-8CE1-0AB6E550C9D8}.Release|x86.ActiveCfg = Release|x86
		{3DB85B88-9CA0-4DAA-8CE1-0AB6E550C9D8}.Release|x86.Build.0 = Release|x86
		{4AD036AB-78A6-49C1-8250-F465CE66B181}.Debug|Any CPU.ActiveCfg = Debug|Any CPU
		{4AD036AB-78A6-49C1-8250-F465CE66B181}.Debug|Any CPU.Build.0 = Debug|Any CPU
		{4AD036AB-78A6-49C1-8250-F465CE66B181}.Debug|ARM.ActiveCfg = Debug|ARM
		{4AD036AB-78A6-49C1-8250-F465CE66B181}.Debug|ARM.Build.0 = Debug|ARM
		{4AD036AB-78A6-49C1-8250-F465CE66B181}.Debug|x64.ActiveCfg = Debug|x64
		{4AD036AB-78A6-49C1-8250-F465CE66B181}.Debug|x64.Build.0 = Debug|x64
		{4AD036AB-78A6-49C1-8250-F465CE66B181}.Debug|x86.ActiveCfg = Debug|x86
		{4AD036AB-78A6-49C1-8250-F465CE66B181}.Debug|x86.Build.0 = Debug|x86
		{4AD036AB-78A6-49C1-8250-F465CE66B181}.Release|Any CPU.ActiveCfg = Release|Any CPU
		{4AD036AB-78A6-49C1-8250-F465CE66B181}.Release|Any CPU.Build.0 = Release|Any CPU
		{4AD036AB-78A6-49C1-8250-F465CE66B181}.Release|ARM.ActiveCfg = Release|ARM
		{4AD036AB-78A6-49C1-8250-F465CE66B181}.Release|ARM.Build.0 = Release|ARM
		{4AD036AB-78A6-49C1-8250-F465CE66B181}.Release|x64.ActiveCfg = Release|x64
		{4AD036AB-78A6-49C1-8250-F465CE66B181}.Release|x64.Build.0 = Release|x64
		{4AD036AB-78A6-49C1-8250-F465CE66B181}.Release|x86.ActiveCfg = Release|x86
		{4AD036AB-78A6-49C1-8250-F465CE66B181}.Release|x86.Build.0 = Release|x86
		{1165A830-5D7F-406E-B638-070C8BA8DCFD}.Debug|Any CPU.ActiveCfg = Debug|Any CPU
		{1165A830-5D7F-406E-B638-070C8BA8DCFD}.Debug|Any CPU.Build.0 = Debug|Any CPU
		{1165A830-5D7F-406E-B638-070C8BA8DCFD}.Debug|ARM.ActiveCfg = Debug|ARM
		{1165A830-5D7F-406E-B638-070C8BA8DCFD}.Debug|ARM.Build.0 = Debug|ARM
		{1165A830-5D7F-406E-B638-070C8BA8DCFD}.Debug|x64.ActiveCfg = Debug|x64
		{1165A830-5D7F-406E-B638-070C8BA8DCFD}.Debug|x64.Build.0 = Debug|x64
		{1165A830-5D7F-406E-B638-070C8BA8DCFD}.Debug|x86.ActiveCfg = Debug|x86
		{1165A830-5D7F-406E-B638-070C8BA8DCFD}.Debug|x86.Build.0 = Debug|x86
		{1165A830-5D7F-406E-B638-070C8BA8DCFD}.Release|Any CPU.ActiveCfg = Release|Any CPU
		{1165A830-5D7F-406E-B638-070C8BA8DCFD}.Release|Any CPU.Build.0 = Release|Any CPU
		{1165A830-5D7F-406E-B638-070C8BA8DCFD}.Release|ARM.ActiveCfg = Release|ARM
		{1165A830-5D7F-406E-B638-070C8BA8DCFD}.Release|ARM.Build.0 = Release|ARM
		{1165A830-5D7F-406E-B638-070C8BA8DCFD}.Release|x64.ActiveCfg = Release|x64
		{1165A830-5D7F-406E-B638-070C8BA8DCFD}.Release|x64.Build.0 = Release|x64
		{1165A830-5D7F-406E-B638-070C8BA8DCFD}.Release|x86.ActiveCfg = Release|x86
		{1165A830-5D7F-406E-B638-070C8BA8DCFD}.Release|x86.Build.0 = Release|x86
	EndGlobalSection
	GlobalSection(SolutionProperties) = preSolution
		HideSolutionNode = FALSE
	EndGlobalSection
EndGlobal
